// !$*UTF8*$!
{
	archiveVersion = 1;
	classes = {
	};
	objectVersion = 46;
	objects = {

/* Begin PBXBuildFile section */
		A7AA0433177FEEE7000AD780 /* UIKit.framework in Frameworks */ = {isa = PBXBuildFile; fileRef = A7AA0432177FEEE7000AD780 /* UIKit.framework */; };
		A7AA0435177FEEE7000AD780 /* Foundation.framework in Frameworks */ = {isa = PBXBuildFile; fileRef = A7AA0434177FEEE7000AD780 /* Foundation.framework */; };
		A7AA0437177FEEE7000AD780 /* CoreGraphics.framework in Frameworks */ = {isa = PBXBuildFile; fileRef = A7AA0436177FEEE7000AD780 /* CoreGraphics.framework */; };
		A7AA043D177FEEE7000AD780 /* InfoPlist.strings in Resources */ = {isa = PBXBuildFile; fileRef = A7AA043B177FEEE7000AD780 /* InfoPlist.strings */; };
		A7AA043F177FEEE7000AD780 /* main.m in Sources */ = {isa = PBXBuildFile; fileRef = A7AA043E177FEEE7000AD780 /* main.m */; };
		A7AA0443177FEEE7000AD780 /* AppDelegate.m in Sources */ = {isa = PBXBuildFile; fileRef = A7AA0442177FEEE7000AD780 /* AppDelegate.m */; };
		A7AA0445177FEEE7000AD780 /* Default.png in Resources */ = {isa = PBXBuildFile; fileRef = A7AA0444177FEEE7000AD780 /* Default.png */; };
		A7AA0447177FEEE7000AD780 /* Default@2x.png in Resources */ = {isa = PBXBuildFile; fileRef = A7AA0446177FEEE7000AD780 /* Default@2x.png */; };
		A7AA0449177FEEE7000AD780 /* Default-568h@2x.png in Resources */ = {isa = PBXBuildFile; fileRef = A7AA0448177FEEE7000AD780 /* Default-568h@2x.png */; };
		A7AA044F177FEEE7000AD780 /* ViewController.m in Sources */ = {isa = PBXBuildFile; fileRef = A7AA044E177FEEE7000AD780 /* ViewController.m */; };
		A7AA0456177FEF06000AD780 /* iPhoneStoryboard.storyboard in Resources */ = {isa = PBXBuildFile; fileRef = A7AA0455177FEF06000AD780 /* iPhoneStoryboard.storyboard */; };
		A7AA0469177FEF29000AD780 /* HttpClient.m in Sources */ = {isa = PBXBuildFile; fileRef = A7AA0463177FEF29000AD780 /* HttpClient.m */; };
		A7AA046A177FEF29000AD780 /* NSString+Encode.m in Sources */ = {isa = PBXBuildFile; fileRef = A7AA0465177FEF29000AD780 /* NSString+Encode.m */; };
		A7AA046E177FF1FE000AD780 /* UIImageView+Async.m in Sources */ = {isa = PBXBuildFile; fileRef = A7AA046D177FF1FE000AD780 /* UIImageView+Async.m */; };
		A7AA732B17866C6000F9668F /* FmProxy.m in Sources */ = {isa = PBXBuildFile; fileRef = A7AA732A17866C6000F9668F /* FmProxy.m */; };
		A7AA732E17866C9300F9668F /* DataDelegate.m in Sources */ = {isa = PBXBuildFile; fileRef = A7AA732D17866C9300F9668F /* DataDelegate.m */; };
/* End PBXBuildFile section */

/* Begin PBXFileReference section */
		A7AA042F177FEEE7000AD780 /* fm20.app */ = {isa = PBXFileReference; explicitFileType = wrapper.application; includeInIndex = 0; path = fm20.app; sourceTree = BUILT_PRODUCTS_DIR; };
		A7AA0432177FEEE7000AD780 /* UIKit.framework */ = {isa = PBXFileReference; lastKnownFileType = wrapper.framework; name = UIKit.framework; path = System/Library/Frameworks/UIKit.framework; sourceTree = SDKROOT; };
		A7AA0434177FEEE7000AD780 /* Foundation.framework */ = {isa = PBXFileReference; lastKnownFileType = wrapper.framework; name = Foundation.framework; path = System/Library/Frameworks/Foundation.framework; sourceTree = SDKROOT; };
		A7AA0436177FEEE7000AD780 /* CoreGraphics.framework */ = {isa = PBXFileReference; lastKnownFileType = wrapper.framework; name = CoreGraphics.framework; path = System/Library/Frameworks/CoreGraphics.framework; sourceTree = SDKROOT; };
		A7AA043A177FEEE7000AD780 /* fm20-Info.plist */ = {isa = PBXFileReference; lastKnownFileType = text.plist.xml; path = "fm20-Info.plist"; sourceTree = "<group>"; };
		A7AA043C177FEEE7000AD780 /* en */ = {isa = PBXFileReference; lastKnownFileType = text.plist.strings; name = en; path = en.lproj/InfoPlist.strings; sourceTree = "<group>"; };
		A7AA043E177FEEE7000AD780 /* main.m */ = {isa = PBXFileReference; lastKnownFileType = sourcecode.c.objc; path = main.m; sourceTree = "<group>"; };
		A7AA0440177FEEE7000AD780 /* fm20-Prefix.pch */ = {isa = PBXFileReference; lastKnownFileType = sourcecode.c.h; path = "fm20-Prefix.pch"; sourceTree = "<group>"; };
		A7AA0441177FEEE7000AD780 /* AppDelegate.h */ = {isa = PBXFileReference; lastKnownFileType = sourcecode.c.h; path = AppDelegate.h; sourceTree = "<group>"; };
		A7AA0442177FEEE7000AD780 /* AppDelegate.m */ = {isa = PBXFileReference; lastKnownFileType = sourcecode.c.objc; path = AppDelegate.m; sourceTree = "<group>"; };
		A7AA0444177FEEE7000AD780 /* Default.png */ = {isa = PBXFileReference; lastKnownFileType = image.png; path = Default.png; sourceTree = "<group>"; };
		A7AA0446177FEEE7000AD780 /* Default@2x.png */ = {isa = PBXFileReference; lastKnownFileType = image.png; path = "Default@2x.png"; sourceTree = "<group>"; };
		A7AA0448177FEEE7000AD780 /* Default-568h@2x.png */ = {isa = PBXFileReference; lastKnownFileType = image.png; path = "Default-568h@2x.png"; sourceTree = "<group>"; };
		A7AA044D177FEEE7000AD780 /* ViewController.h */ = {isa = PBXFileReference; lastKnownFileType = sourcecode.c.h; path = ViewController.h; sourceTree = "<group>"; };
		A7AA044E177FEEE7000AD780 /* ViewController.m */ = {isa = PBXFileReference; lastKnownFileType = sourcecode.c.objc; path = ViewController.m; sourceTree = "<group>"; };
		A7AA0455177FEF06000AD780 /* iPhoneStoryboard.storyboard */ = {isa = PBXFileReference; fileEncoding = 4; lastKnownFileType = file.storyboard; path = iPhoneStoryboard.storyboard; sourceTree = "<group>"; };
		A7AA0460177FEF29000AD780 /* ExtType.h */ = {isa = PBXFileReference; fileEncoding = 4; lastKnownFileType = sourcecode.c.h; path = ExtType.h; sourceTree = "<group>"; };
		A7AA0462177FEF29000AD780 /* HttpClient.h */ = {isa = PBXFileReference; fileEncoding = 4; lastKnownFileType = sourcecode.c.h; path = HttpClient.h; sourceTree = "<group>"; };
		A7AA0463177FEF29000AD780 /* HttpClient.m */ = {isa = PBXFileReference; fileEncoding = 4; lastKnownFileType = sourcecode.c.objc; path = HttpClient.m; sourceTree = "<group>"; };
		A7AA0464177FEF29000AD780 /* NSString+Encode.h */ = {isa = PBXFileReference; fileEncoding = 4; lastKnownFileType = sourcecode.c.h; path = "NSString+Encode.h"; sourceTree = "<group>"; };
		A7AA0465177FEF29000AD780 /* NSString+Encode.m */ = {isa = PBXFileReference; fileEncoding = 4; lastKnownFileType = sourcecode.c.objc; path = "NSString+Encode.m"; sourceTree = "<group>"; };
		A7AA046C177FF1FE000AD780 /* UIImageView+Async.h */ = {isa = PBXFileReference; fileEncoding = 4; lastKnownFileType = sourcecode.c.h; name = "UIImageView+Async.h"; path = "ui/UIImageView+Async.h"; sourceTree = "<group>"; };
		A7AA046D177FF1FE000AD780 /* UIImageView+Async.m */ = {isa = PBXFileReference; fileEncoding = 4; lastKnownFileType = sourcecode.c.objc; name = "UIImageView+Async.m"; path = "ui/UIImageView+Async.m"; sourceTree = "<group>"; };
		A7AA732917866C6000F9668F /* FmProxy.h */ = {isa = PBXFileReference; fileEncoding = 4; lastKnownFileType = sourcecode.c.h; name = FmProxy.h; path = proxys/FmProxy.h; sourceTree = "<group>"; };
		A7AA732A17866C6000F9668F /* FmProxy.m */ = {isa = PBXFileReference; fileEncoding = 4; lastKnownFileType = sourcecode.c.objc; name = FmProxy.m; path = proxys/FmProxy.m; sourceTree = "<group>"; };
		A7AA732C17866C9300F9668F /* DataDelegate.h */ = {isa = PBXFileReference; fileEncoding = 4; lastKnownFileType = sourcecode.c.h; path = DataDelegate.h; sourceTree = "<group>"; };
		A7AA732D17866C9300F9668F /* DataDelegate.m */ = {isa = PBXFileReference; fileEncoding = 4; lastKnownFileType = sourcecode.c.objc; path = DataDelegate.m; sourceTree = "<group>"; };
/* End PBXFileReference section */

/* Begin PBXFrameworksBuildPhase section */
		A7AA042C177FEEE7000AD780 /* Frameworks */ = {
			isa = PBXFrameworksBuildPhase;
			buildActionMask = 2147483647;
			files = (
				A7AA0433177FEEE7000AD780 /* UIKit.framework in Frameworks */,
				A7AA0435177FEEE7000AD780 /* Foundation.framework in Frameworks */,
				A7AA0437177FEEE7000AD780 /* CoreGraphics.framework in Frameworks */,
			);
			runOnlyForDeploymentPostprocessing = 0;
		};
/* End PBXFrameworksBuildPhase section */

/* Begin PBXGroup section */
		A7AA0426177FEEE7000AD780 = {
			isa = PBXGroup;
			children = (
				A7AA0457177FEF29000AD780 /* ifish */,
				A7AA0438177FEEE7000AD780 /* fm20 */,
				A7AA0431177FEEE7000AD780 /* Frameworks */,
				A7AA0430177FEEE7000AD780 /* Products */,
			);
			sourceTree = "<group>";
		};
		A7AA0430177FEEE7000AD780 /* Products */ = {
			isa = PBXGroup;
			children = (
				A7AA042F177FEEE7000AD780 /* fm20.app */,
			);
			name = Products;
			sourceTree = "<group>";
		};
		A7AA0431177FEEE7000AD780 /* Frameworks */ = {
			isa = PBXGroup;
			children = (
				A7AA0432177FEEE7000AD780 /* UIKit.framework */,
				A7AA0434177FEEE7000AD780 /* Foundation.framework */,
				A7AA0436177FEEE7000AD780 /* CoreGraphics.framework */,
			);
			name = Frameworks;
			sourceTree = "<group>";
		};
		A7AA0438177FEEE7000AD780 /* fm20 */ = {
			isa = PBXGroup;
			children = (
				A7AC5F841785CD5C00591877 /* controllers */,
				A7AC5E791785BECC00591877 /* proxys */,
				A7AA0441177FEEE7000AD780 /* AppDelegate.h */,
				A7AA0442177FEEE7000AD780 /* AppDelegate.m */,
				A7AA044D177FEEE7000AD780 /* ViewController.h */,
				A7AA044E177FEEE7000AD780 /* ViewController.m */,
				A7AA0439177FEEE7000AD780 /* Supporting Files */,
				A7AA0455177FEF06000AD780 /* iPhoneStoryboard.storyboard */,
			);
			path = fm20;
			sourceTree = "<group>";
		};
		A7AA0439177FEEE7000AD780 /* Supporting Files */ = {
			isa = PBXGroup;
			children = (
				A7AA043A177FEEE7000AD780 /* fm20-Info.plist */,
				A7AA043B177FEEE7000AD780 /* InfoPlist.strings */,
				A7AA043E177FEEE7000AD780 /* main.m */,
				A7AA0440177FEEE7000AD780 /* fm20-Prefix.pch */,
				A7AA0444177FEEE7000AD780 /* Default.png */,
				A7AA0446177FEEE7000AD780 /* Default@2x.png */,
				A7AA0448177FEEE7000AD780 /* Default-568h@2x.png */,
			);
			name = "Supporting Files";
			sourceTree = "<group>";
		};
		A7AA0457177FEF29000AD780 /* ifish */ = {
			isa = PBXGroup;
			children = (
				A7AA046B177FF18C000AD780 /* ui */,
				A7AA0460177FEF29000AD780 /* ExtType.h */,
				A7AA0461177FEF29000AD780 /* network */,
				A7AA0464177FEF29000AD780 /* NSString+Encode.h */,
				A7AA0465177FEF29000AD780 /* NSString+Encode.m */,
			);
			path = ifish;
			sourceTree = "<group>";
		};
		A7AA0461177FEF29000AD780 /* network */ = {
			isa = PBXGroup;
			children = (
				A7AA0462177FEF29000AD780 /* HttpClient.h */,
				A7AA0463177FEF29000AD780 /* HttpClient.m */,
				A7AA732C17866C9300F9668F /* DataDelegate.h */,
				A7AA732D17866C9300F9668F /* DataDelegate.m */,
			);
			path = network;
			sourceTree = "<group>";
		};
		A7AA046B177FF18C000AD780 /* ui */ = {
			isa = PBXGroup;
			children = (
				A7AA046C177FF1FE000AD780 /* UIImageView+Async.h */,
				A7AA046D177FF1FE000AD780 /* UIImageView+Async.m */,
			);
			name = ui;
			sourceTree = "<group>";
		};
		A7AC5E791785BECC00591877 /* proxys */ = {
			isa = PBXGroup;
			children = (
				A7AA732917866C6000F9668F /* FmProxy.h */,
				A7AA732A17866C6000F9668F /* FmProxy.m */,
			);
			name = proxys;
			sourceTree = "<group>";
		};
		A7AC5F841785CD5C00591877 /* controllers */ = {
			isa = PBXGroup;
			children = (
			);
			name = controllers;
			sourceTree = "<group>";
		};
/* End PBXGroup section */

/* Begin PBXNativeTarget section */
		A7AA042E177FEEE7000AD780 /* fm20 */ = {
			isa = PBXNativeTarget;
			buildConfigurationList = A7AA0452177FEEE7000AD780 /* Build configuration list for PBXNativeTarget "fm20" */;
			buildPhases = (
				A7AA042B177FEEE7000AD780 /* Sources */,
				A7AA042C177FEEE7000AD780 /* Frameworks */,
				A7AA042D177FEEE7000AD780 /* Resources */,
			);
			buildRules = (
			);
			dependencies = (
			);
			name = fm20;
			productName = fm20;
			productReference = A7AA042F177FEEE7000AD780 /* fm20.app */;
			productType = "com.apple.product-type.application";
		};
/* End PBXNativeTarget section */

/* Begin PBXProject section */
		A7AA0427177FEEE7000AD780 /* Project object */ = {
			isa = PBXProject;
			attributes = {
				LastUpgradeCheck = 0460;
				ORGANIZATIONNAME = xinli001;
			};
			buildConfigurationList = A7AA042A177FEEE7000AD780 /* Build configuration list for PBXProject "fm20" */;
			compatibilityVersion = "Xcode 3.2";
			developmentRegion = English;
			hasScannedForEncodings = 0;
			knownRegions = (
				en,
				"zh-Hans",
			);
			mainGroup = A7AA0426177FEEE7000AD780;
			productRefGroup = A7AA0430177FEEE7000AD780 /* Products */;
			projectDirPath = "";
			projectRoot = "";
			targets = (
				A7AA042E177FEEE7000AD780 /* fm20 */,
			);
		};
/* End PBXProject section */

/* Begin PBXResourcesBuildPhase section */
		A7AA042D177FEEE7000AD780 /* Resources */ = {
			isa = PBXResourcesBuildPhase;
			buildActionMask = 2147483647;
			files = (
				A7AA043D177FEEE7000AD780 /* InfoPlist.strings in Resources */,
				A7AA0445177FEEE7000AD780 /* Default.png in Resources */,
				A7AA0447177FEEE7000AD780 /* Default@2x.png in Resources */,
				A7AA0449177FEEE7000AD780 /* Default-568h@2x.png in Resources */,
				A7AA0456177FEF06000AD780 /* iPhoneStoryboard.storyboard in Resources */,
			);
			runOnlyForDeploymentPostprocessing = 0;
		};
/* End PBXResourcesBuildPhase section */

/* Begin PBXSourcesBuildPhase section */
		A7AA042B177FEEE7000AD780 /* Sources */ = {
			isa = PBXSourcesBuildPhase;
			buildActionMask = 2147483647;
			files = (
				A7AA043F177FEEE7000AD780 /* main.m in Sources */,
				A7AA0443177FEEE7000AD780 /* AppDelegate.m in Sources */,
				A7AA044F177FEEE7000AD780 /* ViewController.m in Sources */,
				A7AA0469177FEF29000AD780 /* HttpClient.m in Sources */,
				A7AA046A177FEF29000AD780 /* NSString+Encode.m in Sources */,
				A7AA046E177FF1FE000AD780 /* UIImageView+Async.m in Sources */,
				A7AA732B17866C6000F9668F /* FmProxy.m in Sources */,
				A7AA732E17866C9300F9668F /* DataDelegate.m in Sources */,
			);
			runOnlyForDeploymentPostprocessing = 0;
		};
/* End PBXSourcesBuildPhase section */

/* Begin PBXVariantGroup section */
		A7AA043B177FEEE7000AD780 /* InfoPlist.strings */ = {
			isa = PBXVariantGroup;
			children = (
				A7AA043C177FEEE7000AD780 /* en */,
			);
			name = InfoPlist.strings;
			sourceTree = "<group>";
		};
/* End PBXVariantGroup section */

/* Begin XCBuildConfiguration section */
		A7AA0450177FEEE7000AD780 /* Debug */ = {
			isa = XCBuildConfiguration;
			buildSettings = {
				ALWAYS_SEARCH_USER_PATHS = NO;
				CLANG_CXX_LANGUAGE_STANDARD = "gnu++0x";
				CLANG_CXX_LIBRARY = "libc++";
				CLANG_ENABLE_OBJC_ARC = YES;
				CLANG_WARN_CONSTANT_CONVERSION = YES;
				CLANG_WARN_EMPTY_BODY = YES;
				CLANG_WARN_ENUM_CONVERSION = YES;
				CLANG_WARN_INT_CONVERSION = YES;
				CLANG_WARN__DUPLICATE_METHOD_MATCH = YES;
				"CODE_SIGN_IDENTITY[sdk=iphoneos*]" = "iPhone Developer";
				COPY_PHASE_STRIP = NO;
				GCC_C_LANGUAGE_STANDARD = gnu99;
				GCC_DYNAMIC_NO_PIC = NO;
				GCC_OPTIMIZATION_LEVEL = 0;
				GCC_PREPROCESSOR_DEFINITIONS = (
					"DEBUG=1",
					"$(inherited)",
				);
				GCC_SYMBOLS_PRIVATE_EXTERN = NO;
				GCC_WARN_ABOUT_RETURN_TYPE = YES;
				GCC_WARN_UNINITIALIZED_AUTOS = YES;
				GCC_WARN_UNUSED_VARIABLE = YES;
				IPHONEOS_DEPLOYMENT_TARGET = 6.1;
				ONLY_ACTIVE_ARCH = YES;
				SDKROOT = iphoneos;
			};
			name = Debug;
		};
		A7AA0451177FEEE7000AD780 /* Release */ = {
			isa = XCBuildConfiguration;
			buildSettings = {
				ALWAYS_SEARCH_USER_PATHS = NO;
				CLANG_CXX_LANGUAGE_STANDARD = "gnu++0x";
				CLANG_CXX_LIBRARY = "libc++";
				CLANG_ENABLE_OBJC_ARC = YES;
				CLANG_WARN_CONSTANT_CONVERSION = YES;
				CLANG_WARN_EMPTY_BODY = YES;
				CLANG_WARN_ENUM_CONVERSION = YES;
				CLANG_WARN_INT_CONVERSION = YES;
				CLANG_WARN__DUPLICATE_METHOD_MATCH = YES;
				"CODE_SIGN_IDENTITY[sdk=iphoneos*]" = "iPhone Developer";
				COPY_PHASE_STRIP = YES;
				GCC_C_LANGUAGE_STANDARD = gnu99;
				GCC_WARN_ABOUT_RETURN_TYPE = YES;
				GCC_WARN_UNINITIALIZED_AUTOS = YES;
				GCC_WARN_UNUSED_VARIABLE = YES;
				IPHONEOS_DEPLOYMENT_TARGET = 6.1;
				OTHER_CFLAGS = "-DNS_BLOCK_ASSERTIONS=1";
				SDKROOT = iphoneos;
				VALIDATE_PRODUCT = YES;
			};
			name = Release;
		};
		A7AA0453177FEEE7000AD780 /* Debug */ = {
			isa = XCBuildConfiguration;
			buildSettings = {
				GCC_PRECOMPILE_PREFIX_HEADER = YES;
				GCC_PREFIX_HEADER = "fm20/fm20-Prefix.pch";
				INFOPLIST_FILE = "fm20/fm20-Info.plist";
				IPHONEOS_DEPLOYMENT_TARGET = 5.1;
				LIBRARY_SEARCH_PATHS = (
					"$(inherited)",
					"\"$(SRCROOT)/fm20/fm20/umeng\"",
				);
				PRODUCT_NAME = "$(TARGET_NAME)";
				WRAPPER_EXTENSION = app;
			};
			name = Debug;
		};
		A7AA0454177FEEE7000AD780 /* Release */ = {
			isa = XCBuildConfiguration;
			buildSettings = {
				GCC_PRECOMPILE_PREFIX_HEADER = YES;
				GCC_PREFIX_HEADER = "fm20/fm20-Prefix.pch";
				INFOPLIST_FILE = "fm20/fm20-Info.plist";
				IPHONEOS_DEPLOYMENT_TARGET = 5.1;
				LIBRARY_SEARCH_PATHS = (
					"$(inherited)",
					"\"$(SRCROOT)/fm20/fm20/umeng\"",
				);
				PRODUCT_NAME = "$(TARGET_NAME)";
				WRAPPER_EXTENSION = app;
			};
			name = Release;
		};
/* End XCBuildConfiguration section */

/* Begin XCConfigurationList section */
		A7AA042A177FEEE7000AD780 /* Build configuration list for PBXProject "fm20" */ = {
			isa = XCConfigurationList;
			buildConfigurations = (
				A7AA0450177FEEE7000AD780 /* Debug */,
				A7AA0451177FEEE7000AD780 /* Release */,
			);
			defaultConfigurationIsVisible = 0;
			defaultConfigurationName = Release;
		};
		A7AA0452177FEEE7000AD780 /* Build configuration list for PBXNativeTarget "fm20" */ = {
			isa = XCConfigurationList;
			buildConfigurations = (
				A7AA0453177FEEE7000AD780 /* Debug */,
				A7AA0454177FEEE7000AD780 /* Release */,
			);
			defaultConfigurationIsVisible = 0;
			defaultConfigurationName = Release;
		};
/* End XCConfigurationList section */
	};
	rootObject = A7AA0427177FEEE7000AD780 /* Project object */;
}
